
Microsoft Visual Studio Solution File, Format Version 12.00
# Visual Studio Version 17
VisualStudioVersion = 17.1.32228.430
MinimumVisualStudioVersion = 10.0.40219.1
Project("{F184B08F-C81C-45F6-A57F-5ABD9991F28F}") = "WallpaperApp", "WallpaperApp\WallpaperApp.vbproj", "{394BC9B3-08A6-4449-BCA2-5624718BB9FF}"
EndProject
Global
	GlobalSection(SolutionConfigurationPlatforms) = preSolution
		Debug|Any CPU = Debug|Any CPU
		Release|Any CPU = Release|Any CPU
	EndGlobalSection
	GlobalSection(ProjectConfigurationPlatforms) = postSolution
		{394BC9B3-08A6-4449-BCA2-5624718BB9FF}.Debug|Any CPU.ActiveCfg = Debug|Any CPU
		{394BC9B3-08A6-4449-BCA2-5624718BB9FF}.Debug|Any CPU.Build.0 = Debug|Any CPU
		{394BC9B3-08A6-4449-BCA2-5624718BB9FF}.Release|Any CPU.ActiveCfg = Release|Any CPU
		{394BC9B3-08A6-4449-BCA2-5624718BB9FF}.Release|Any CPU.Build.0 = Release|Any CPU
	EndGlobalSection
	GlobalSection(SolutionProperties) = preSolution
		HideSolutionNode = FALSE
	EndGlobalSection
	GlobalSection(ExtensibilityGlobals) = postSolution
		SolutionGuid = {83AEC67C-4DB0-4D38-AD3F-693DD13D2D9B}
	EndGlobalSection
EndGlobal
